
Microsoft Visual Studio Solution File, Format Version 12.00
# Visual Studio 14
VisualStudioVersion = 14.0.25420.1
MinimumVisualStudioVersion = 10.0.40219.1
Project("{FAE04EC0-301F-11D3-BF4B-00C04F79EFBC}") = "AndersonFormsEntity", "AndersonFormsEntity\AndersonFormsEntity.csproj", "{53160434-C361-4686-9F5A-70AE5C2F4D99}"
EndProject
Project("{FAE04EC0-301F-11D3-BF4B-00C04F79EFBC}") = "AndersonFormsContext", "AndersonFormsContext\AndersonFormsContext.csproj", "{5FAFFA28-039E-4B2E-8D80-EFFA8958CC52}"
EndProject
Project("{FAE04EC0-301F-11D3-BF4B-00C04F79EFBC}") = "AndersonFormsData", "AndersonFormsData\AndersonFormsData.csproj", "{A399F209-183D-4AD8-B6B8-0E691FF1548E}"
EndProject
Project("{FAE04EC0-301F-11D3-BF4B-00C04F79EFBC}") = "AndersonFormsFunction", "AndersonFormsFunction\AndersonFormsFunction.csproj", "{96579BBF-1C13-41F5-9EAE-0799472F0D97}"
EndProject
Project("{FAE04EC0-301F-11D3-BF4B-00C04F79EFBC}") = "AndersonFormsModel", "AndersonFormsModel\AndersonFormsModel.csproj", "{1F2A4CFF-3E5E-4DA1-B888-C40322A811C6}"
EndProject
Project("{FAE04EC0-301F-11D3-BF4B-00C04F79EFBC}") = "AndersonFormsWeb", "AndersonFormsWeb\AndersonFormsWeb.csproj", "{D07D2198-22FB-44D9-8EAB-A21E6E4D50A1}"
EndProject
Global
	GlobalSection(SolutionConfigurationPlatforms) = preSolution
		Debug|Any CPU = Debug|Any CPU
		Release|Any CPU = Release|Any CPU
	EndGlobalSection
	GlobalSection(ProjectConfigurationPlatforms) = postSolution
		{53160434-C361-4686-9F5A-70AE5C2F4D99}.Debug|Any CPU.ActiveCfg = Debug|Any CPU
		{53160434-C361-4686-9F5A-70AE5C2F4D99}.Debug|Any CPU.Build.0 = Debug|Any CPU
		{53160434-C361-4686-9F5A-70AE5C2F4D99}.Release|Any CPU.ActiveCfg = Release|Any CPU
		{53160434-C361-4686-9F5A-70AE5C2F4D99}.Release|Any CPU.Build.0 = Release|Any CPU
		{5FAFFA28-039E-4B2E-8D80-EFFA8958CC52}.Debug|Any CPU.ActiveCfg = Debug|Any CPU
		{5FAFFA28-039E-4B2E-8D80-EFFA8958CC52}.Debug|Any CPU.Build.0 = Debug|Any CPU
		{5FAFFA28-039E-4B2E-8D80-EFFA8958CC52}.Release|Any CPU.ActiveCfg = Release|Any CPU
		{5FAFFA28-039E-4B2E-8D80-EFFA8958CC52}.Release|Any CPU.Build.0 = Release|Any CPU
		{A399F209-183D-4AD8-B6B8-0E691FF1548E}.Debug|Any CPU.ActiveCfg = Debug|Any CPU
		{A399F209-183D-4AD8-B6B8-0E691FF1548E}.Debug|Any CPU.Build.0 = Debug|Any CPU
		{A399F209-183D-4AD8-B6B8-0E691FF1548E}.Release|Any CPU.ActiveCfg = Release|Any CPU
		{A399F209-183D-4AD8-B6B8-0E691FF1548E}.Release|Any CPU.Build.0 = Release|Any CPU
		{96579BBF-1C13-41F5-9EAE-0799472F0D97}.Debug|Any CPU.ActiveCfg = Debug|Any CPU
		{96579BBF-1C13-41F5-9EAE-0799472F0D97}.Debug|Any CPU.Build.0 = Debug|Any CPU
		{96579BBF-1C13-41F5-9EAE-0799472F0D97}.Release|Any CPU.ActiveCfg = Release|Any CPU
		{96579BBF-1C13-41F5-9EAE-0799472F0D97}.Release|Any CPU.Build.0 = Release|Any CPU
		{1F2A4CFF-3E5E-4DA1-B888-C40322A811C6}.Debug|Any CPU.ActiveCfg = Debug|Any CPU
		{1F2A4CFF-3E5E-4DA1-B888-C40322A811C6}.Debug|Any CPU.Build.0 = Debug|Any CPU
		{1F2A4CFF-3E5E-4DA1-B888-C40322A811C6}.Release|Any CPU.ActiveCfg = Release|Any CPU
		{1F2A4CFF-3E5E-4DA1-B888-C40322A811C6}.Release|Any CPU.Build.0 = Release|Any CPU
		{D07D2198-22FB-44D9-8EAB-A21E6E4D50A1}.Debug|Any CPU.ActiveCfg = Debug|Any CPU
		{D07D2198-22FB-44D9-8EAB-A21E6E4D50A1}.Debug|Any CPU.Build.0 = Debug|Any CPU
		{D07D2198-22FB-44D9-8EAB-A21E6E4D50A1}.Release|Any CPU.ActiveCfg = Release|Any CPU
		{D07D2198-22FB-44D9-8EAB-A21E6E4D50A1}.Release|Any CPU.Build.0 = Release|Any CPU
	EndGlobalSection
	GlobalSection(SolutionProperties) = preSolution
		HideSolutionNode = FALSE
	EndGlobalSection
EndGlobal
